
Microsoft Visual Studio Solution File, Format Version 12.00
Project("{FAE04EC0-301F-11D3-BF4B-00C04F79EFBC}") = "LinkedInSayHB", "LinkedInSayHB\LinkedInSayHB.csproj", "{C333D4A9-4A40-4346-A11F-A6F9E18CDE1D}"
EndProject
Global
	GlobalSection(SolutionConfigurationPlatforms) = preSolution
		Debug|Any CPU = Debug|Any CPU
		Release|Any CPU = Release|Any CPU
	EndGlobalSection
	GlobalSection(ProjectConfigurationPlatforms) = postSolution
		{C333D4A9-4A40-4346-A11F-A6F9E18CDE1D}.Debug|Any CPU.ActiveCfg = Debug|Any CPU
		{C333D4A9-4A40-4346-A11F-A6F9E18CDE1D}.Debug|Any CPU.Build.0 = Debug|Any CPU
		{C333D4A9-4A40-4346-A11F-A6F9E18CDE1D}.Release|Any CPU.ActiveCfg = Release|Any CPU
		{C333D4A9-4A40-4346-A11F-A6F9E18CDE1D}.Release|Any CPU.Build.0 = Release|Any CPU
	EndGlobalSection
EndGlobal
